
Microsoft Visual Studio Solution File, Format Version 12.00
# Visual Studio Version 17
VisualStudioVersion = 17.14.36310.24
MinimumVisualStudioVersion = 10.0.40219.1
Project("{8BC9CEB8-8B4A-11D0-8D11-00A0C91BC942}") = "DefenderKiller", "DefenderKiller\DefenderKiller.vcxproj", "{3CE5A4A1-84BE-4B85-A9A2-343873F7D8C6}"
EndProject
Project("{8BC9CEB8-8B4A-11D0-8D11-00A0C91BC942}") = "Sample", "Sample\Sample.vcxproj", "{CB7B4A86-FDF1-32E7-6C7F-6AA99A89FDCB}"
EndProject
Project("{8BC9CEB8-8B4A-11D0-8D11-00A0C91BC942}") = "EventLogger-Disable", "EventLogger-Disable\EventLogger-Disable.vcxproj", "{21E0E5C8-964A-42B0-B524-E8C62D80BC89}"
EndProject
Project("{8BC9CEB8-8B4A-11D0-8D11-00A0C91BC942}") = "MessageBoxHooked", "MessageBoxHooked\MessageBoxHooked.vcxproj", "{A9DBEEC5-2B75-4F0D-8D7C-783232F79134}"
EndProject
Project("{8BC9CEB8-8B4A-11D0-8D11-00A0C91BC942}") = "X64msgHooking", "X64msgHooking\X64msgHooking.vcxproj", "{C1C9B170-8B90-40D4-902A-9FADE4350344}"
EndProject
Project("{8BC9CEB8-8B4A-11D0-8D11-00A0C91BC942}") = "KeyLogger", "KeyLogger\KeyLogger.vcxproj", "{231FD38A-2F78-4D1E-998F-54EF11F9CFC5}"
EndProject
Project("{8BC9CEB8-8B4A-11D0-8D11-00A0C91BC942}") = "ObjectLab", "ObjectLab\ObjectLab.vcxproj", "{1538305A-8064-4434-99B9-95F368D5A042}"
EndProject
Project("{8BC9CEB8-8B4A-11D0-8D11-00A0C91BC942}") = "ServiceManager", "ServiceManager\ServiceManager.vcxproj", "{68C81C7C-482A-4BF2-BB18-4FE8BDBA4549}"
EndProject
Project("{8BC9CEB8-8B4A-11D0-8D11-00A0C91BC942}") = "ProcessIsInJobSyscall", "ProcessIsInJobSyscall\ProcessIsInJobSyscall\ProcessIsInJobSyscall.vcxproj", "{C5EDE4C6-3E61-4A53-AD7B-1027088777BE}"
EndProject
Project("{8BC9CEB8-8B4A-11D0-8D11-00A0C91BC942}") = "Fiber", "Fiber\Fiber\Fiber.vcxproj", "{FE3BB121-FE9D-4AB4-84AA-486984CBFF70}"
EndProject
Project("{8BC9CEB8-8B4A-11D0-8D11-00A0C91BC942}") = "CallingConvention", "CallingConvention\CallingConvention\CallingConvention.vcxproj", "{B90F45A8-8F62-426E-90BA-30468B389075}"
EndProject
Project("{8BC9CEB8-8B4A-11D0-8D11-00A0C91BC942}") = "CreateProcess", "CreateProcess\CreateProcess.vcxproj", "{7087A29B-C03D-44AD-BD56-A9087883DE8F}"
EndProject
Project("{8BC9CEB8-8B4A-11D0-8D11-00A0C91BC942}") = "CreateThread", "CreateThread\CreateThread.vcxproj", "{B0103E53-FFEB-4D17-BB2E-25C724B0DA34}"
EndProject
Project("{8BC9CEB8-8B4A-11D0-8D11-00A0C91BC942}") = "CreateRemoteThread", "CreateRemoteThread\CreateRemoteThread.vcxproj", "{A482A70D-ED1A-4AF3-828C-BB9B3C026418}"
EndProject
Global
	GlobalSection(SolutionConfigurationPlatforms) = preSolution
		Debug|x64 = Debug|x64
		Debug|x86 = Debug|x86
		Release|x64 = Release|x64
		Release|x86 = Release|x86
	EndGlobalSection
	GlobalSection(ProjectConfigurationPlatforms) = postSolution
		{3CE5A4A1-84BE-4B85-A9A2-343873F7D8C6}.Debug|x64.ActiveCfg = Debug|x64
		{3CE5A4A1-84BE-4B85-A9A2-343873F7D8C6}.Debug|x64.Build.0 = Debug|x64
		{3CE5A4A1-84BE-4B85-A9A2-343873F7D8C6}.Debug|x86.ActiveCfg = Debug|Win32
		{3CE5A4A1-84BE-4B85-A9A2-343873F7D8C6}.Debug|x86.Build.0 = Debug|Win32
		{3CE5A4A1-84BE-4B85-A9A2-343873F7D8C6}.Release|x64.ActiveCfg = Release|x64
		{3CE5A4A1-84BE-4B85-A9A2-343873F7D8C6}.Release|x64.Build.0 = Release|x64
		{3CE5A4A1-84BE-4B85-A9A2-343873F7D8C6}.Release|x86.ActiveCfg = Release|Win32
		{3CE5A4A1-84BE-4B85-A9A2-343873F7D8C6}.Release|x86.Build.0 = Release|Win32
		{CB7B4A86-FDF1-32E7-6C7F-6AA99A89FDCB}.Debug|x64.ActiveCfg = Debug|x64
		{CB7B4A86-FDF1-32E7-6C7F-6AA99A89FDCB}.Debug|x64.Build.0 = Debug|x64
		{CB7B4A86-FDF1-32E7-6C7F-6AA99A89FDCB}.Debug|x64.Deploy.0 = Debug|x64
		{CB7B4A86-FDF1-32E7-6C7F-6AA99A89FDCB}.Debug|x86.ActiveCfg = Debug|x64
		{CB7B4A86-FDF1-32E7-6C7F-6AA99A89FDCB}.Debug|x86.Build.0 = Debug|x64
		{CB7B4A86-FDF1-32E7-6C7F-6AA99A89FDCB}.Debug|x86.Deploy.0 = Debug|x64
		{CB7B4A86-FDF1-32E7-6C7F-6AA99A89FDCB}.Release|x64.ActiveCfg = Release|x64
		{CB7B4A86-FDF1-32E7-6C7F-6AA99A89FDCB}.Release|x64.Build.0 = Release|x64
		{CB7B4A86-FDF1-32E7-6C7F-6AA99A89FDCB}.Release|x64.Deploy.0 = Release|x64
		{CB7B4A86-FDF1-32E7-6C7F-6AA99A89FDCB}.Release|x86.ActiveCfg = Release|x64
		{CB7B4A86-FDF1-32E7-6C7F-6AA99A89FDCB}.Release|x86.Build.0 = Release|x64
		{CB7B4A86-FDF1-32E7-6C7F-6AA99A89FDCB}.Release|x86.Deploy.0 = Release|x64
		{21E0E5C8-964A-42B0-B524-E8C62D80BC89}.Debug|x64.ActiveCfg = Debug|x64
		{21E0E5C8-964A-42B0-B524-E8C62D80BC89}.Debug|x64.Build.0 = Debug|x64
		{21E0E5C8-964A-42B0-B524-E8C62D80BC89}.Debug|x86.ActiveCfg = Debug|Win32
		{21E0E5C8-964A-42B0-B524-E8C62D80BC89}.Debug|x86.Build.0 = Debug|Win32
		{21E0E5C8-964A-42B0-B524-E8C62D80BC89}.Release|x64.ActiveCfg = Release|x64
		{21E0E5C8-964A-42B0-B524-E8C62D80BC89}.Release|x64.Build.0 = Release|x64
		{21E0E5C8-964A-42B0-B524-E8C62D80BC89}.Release|x86.ActiveCfg = Release|Win32
		{21E0E5C8-964A-42B0-B524-E8C62D80BC89}.Release|x86.Build.0 = Release|Win32
		{A9DBEEC5-2B75-4F0D-8D7C-783232F79134}.Debug|x64.ActiveCfg = Debug|x64
		{A9DBEEC5-2B75-4F0D-8D7C-783232F79134}.Debug|x64.Build.0 = Debug|x64
		{A9DBEEC5-2B75-4F0D-8D7C-783232F79134}.Debug|x86.ActiveCfg = Debug|Win32
		{A9DBEEC5-2B75-4F0D-8D7C-783232F79134}.Debug|x86.Build.0 = Debug|Win32
		{A9DBEEC5-2B75-4F0D-8D7C-783232F79134}.Release|x64.ActiveCfg = Release|x64
		{A9DBEEC5-2B75-4F0D-8D7C-783232F79134}.Release|x64.Build.0 = Release|x64
		{A9DBEEC5-2B75-4F0D-8D7C-783232F79134}.Release|x86.ActiveCfg = Release|Win32
		{A9DBEEC5-2B75-4F0D-8D7C-783232F79134}.Release|x86.Build.0 = Release|Win32
		{C1C9B170-8B90-40D4-902A-9FADE4350344}.Debug|x64.ActiveCfg = Debug|x64
		{C1C9B170-8B90-40D4-902A-9FADE4350344}.Debug|x64.Build.0 = Debug|x64
		{C1C9B170-8B90-40D4-902A-9FADE4350344}.Debug|x86.ActiveCfg = Debug|Win32
		{C1C9B170-8B90-40D4-902A-9FADE4350344}.Debug|x86.Build.0 = Debug|Win32
		{C1C9B170-8B90-40D4-902A-9FADE4350344}.Release|x64.ActiveCfg = Release|x64
		{C1C9B170-8B90-40D4-902A-9FADE4350344}.Release|x64.Build.0 = Release|x64
		{C1C9B170-8B90-40D4-902A-9FADE4350344}.Release|x86.ActiveCfg = Release|Win32
		{C1C9B170-8B90-40D4-902A-9FADE4350344}.Release|x86.Build.0 = Release|Win32
		{231FD38A-2F78-4D1E-998F-54EF11F9CFC5}.Debug|x64.ActiveCfg = Debug|x64
		{231FD38A-2F78-4D1E-998F-54EF11F9CFC5}.Debug|x64.Build.0 = Debug|x64
		{231FD38A-2F78-4D1E-998F-54EF11F9CFC5}.Debug|x86.ActiveCfg = Debug|Win32
		{231FD38A-2F78-4D1E-998F-54EF11F9CFC5}.Debug|x86.Build.0 = Debug|Win32
		{231FD38A-2F78-4D1E-998F-54EF11F9CFC5}.Release|x64.ActiveCfg = Release|x64
		{231FD38A-2F78-4D1E-998F-54EF11F9CFC5}.Release|x64.Build.0 = Release|x64
		{231FD38A-2F78-4D1E-998F-54EF11F9CFC5}.Release|x86.ActiveCfg = Release|Win32
		{231FD38A-2F78-4D1E-998F-54EF11F9CFC5}.Release|x86.Build.0 = Release|Win32
		{1538305A-8064-4434-99B9-95F368D5A042}.Debug|x64.ActiveCfg = Debug|x64
		{1538305A-8064-4434-99B9-95F368D5A042}.Debug|x64.Build.0 = Debug|x64
		{1538305A-8064-4434-99B9-95F368D5A042}.Debug|x86.ActiveCfg = Debug|Win32
		{1538305A-8064-4434-99B9-95F368D5A042}.Debug|x86.Build.0 = Debug|Win32
		{1538305A-8064-4434-99B9-95F368D5A042}.Release|x64.ActiveCfg = Release|x64
		{1538305A-8064-4434-99B9-95F368D5A042}.Release|x64.Build.0 = Release|x64
		{1538305A-8064-4434-99B9-95F368D5A042}.Release|x86.ActiveCfg = Release|Win32
		{1538305A-8064-4434-99B9-95F368D5A042}.Release|x86.Build.0 = Release|Win32
		{68C81C7C-482A-4BF2-BB18-4FE8BDBA4549}.Debug|x64.ActiveCfg = Debug|x64
		{68C81C7C-482A-4BF2-BB18-4FE8BDBA4549}.Debug|x64.Build.0 = Debug|x64
		{68C81C7C-482A-4BF2-BB18-4FE8BDBA4549}.Debug|x86.ActiveCfg = Debug|Win32
		{68C81C7C-482A-4BF2-BB18-4FE8BDBA4549}.Debug|x86.Build.0 = Debug|Win32
		{68C81C7C-482A-4BF2-BB18-4FE8BDBA4549}.Release|x64.ActiveCfg = Release|x64
		{68C81C7C-482A-4BF2-BB18-4FE8BDBA4549}.Release|x64.Build.0 = Release|x64
		{68C81C7C-482A-4BF2-BB18-4FE8BDBA4549}.Release|x86.ActiveCfg = Release|Win32
		{68C81C7C-482A-4BF2-BB18-4FE8BDBA4549}.Release|x86.Build.0 = Release|Win32
		{C5EDE4C6-3E61-4A53-AD7B-1027088777BE}.Debug|x64.ActiveCfg = Debug|x64
		{C5EDE4C6-3E61-4A53-AD7B-1027088777BE}.Debug|x64.Build.0 = Debug|x64
		{C5EDE4C6-3E61-4A53-AD7B-1027088777BE}.Debug|x86.ActiveCfg = Debug|Win32
		{C5EDE4C6-3E61-4A53-AD7B-1027088777BE}.Debug|x86.Build.0 = Debug|Win32
		{C5EDE4C6-3E61-4A53-AD7B-1027088777BE}.Release|x64.ActiveCfg = Release|x64
		{C5EDE4C6-3E61-4A53-AD7B-1027088777BE}.Release|x64.Build.0 = Release|x64
		{C5EDE4C6-3E61-4A53-AD7B-1027088777BE}.Release|x86.ActiveCfg = Release|Win32
		{C5EDE4C6-3E61-4A53-AD7B-1027088777BE}.Release|x86.Build.0 = Release|Win32
		{FE3BB121-FE9D-4AB4-84AA-486984CBFF70}.Debug|x64.ActiveCfg = Debug|x64
		{FE3BB121-FE9D-4AB4-84AA-486984CBFF70}.Debug|x64.Build.0 = Debug|x64
		{FE3BB121-FE9D-4AB4-84AA-486984CBFF70}.Debug|x86.ActiveCfg = Debug|Win32
		{FE3BB121-FE9D-4AB4-84AA-486984CBFF70}.Debug|x86.Build.0 = Debug|Win32
		{FE3BB121-FE9D-4AB4-84AA-486984CBFF70}.Release|x64.ActiveCfg = Release|x64
		{FE3BB121-FE9D-4AB4-84AA-486984CBFF70}.Release|x64.Build.0 = Release|x64
		{FE3BB121-FE9D-4AB4-84AA-486984CBFF70}.Release|x86.ActiveCfg = Release|Win32
		{FE3BB121-FE9D-4AB4-84AA-486984CBFF70}.Release|x86.Build.0 = Release|Win32
		{B90F45A8-8F62-426E-90BA-30468B389075}.Debug|x64.ActiveCfg = Debug|x64
		{B90F45A8-8F62-426E-90BA-30468B389075}.Debug|x64.Build.0 = Debug|x64
		{B90F45A8-8F62-426E-90BA-30468B389075}.Debug|x86.ActiveCfg = Debug|Win32
		{B90F45A8-8F62-426E-90BA-30468B389075}.Debug|x86.Build.0 = Debug|Win32
		{B90F45A8-8F62-426E-90BA-30468B389075}.Release|x64.ActiveCfg = Release|x64
		{B90F45A8-8F62-426E-90BA-30468B389075}.Release|x64.Build.0 = Release|x64
		{B90F45A8-8F62-426E-90BA-30468B389075}.Release|x86.ActiveCfg = Release|Win32
		{B90F45A8-8F62-426E-90BA-30468B389075}.Release|x86.Build.0 = Release|Win32
		{7087A29B-C03D-44AD-BD56-A9087883DE8F}.Debug|x64.ActiveCfg = Debug|x64
		{7087A29B-C03D-44AD-BD56-A9087883DE8F}.Debug|x64.Build.0 = Debug|x64
		{7087A29B-C03D-44AD-BD56-A9087883DE8F}.Debug|x86.ActiveCfg = Debug|Win32
		{7087A29B-C03D-44AD-BD56-A9087883DE8F}.Debug|x86.Build.0 = Debug|Win32
		{7087A29B-C03D-44AD-BD56-A9087883DE8F}.Release|x64.ActiveCfg = Release|x64
		{7087A29B-C03D-44AD-BD56-A9087883DE8F}.Release|x64.Build.0 = Release|x64
		{7087A29B-C03D-44AD-BD56-A9087883DE8F}.Release|x86.ActiveCfg = Release|Win32
		{7087A29B-C03D-44AD-BD56-A9087883DE8F}.Release|x86.Build.0 = Release|Win32
		{B0103E53-FFEB-4D17-BB2E-25C724B0DA34}.Debug|x64.ActiveCfg = Debug|x64
		{B0103E53-FFEB-4D17-BB2E-25C724B0DA34}.Debug|x64.Build.0 = Debug|x64
		{B0103E53-FFEB-4D17-BB2E-25C724B0DA34}.Debug|x86.ActiveCfg = Debug|Win32
		{B0103E53-FFEB-4D17-BB2E-25C724B0DA34}.Debug|x86.Build.0 = Debug|Win32
		{B0103E53-FFEB-4D17-BB2E-25C724B0DA34}.Release|x64.ActiveCfg = Release|x64
		{B0103E53-FFEB-4D17-BB2E-25C724B0DA34}.Release|x64.Build.0 = Release|x64
		{B0103E53-FFEB-4D17-BB2E-25C724B0DA34}.Release|x86.ActiveCfg = Release|Win32
		{B0103E53-FFEB-4D17-BB2E-25C724B0DA34}.Release|x86.Build.0 = Release|Win32
		{A482A70D-ED1A-4AF3-828C-BB9B3C026418}.Debug|x64.ActiveCfg = Debug|x64
		{A482A70D-ED1A-4AF3-828C-BB9B3C026418}.Debug|x64.Build.0 = Debug|x64
		{A482A70D-ED1A-4AF3-828C-BB9B3C026418}.Debug|x86.ActiveCfg = Debug|Win32
		{A482A70D-ED1A-4AF3-828C-BB9B3C026418}.Debug|x86.Build.0 = Debug|Win32
		{A482A70D-ED1A-4AF3-828C-BB9B3C026418}.Release|x64.ActiveCfg = Release|x64
		{A482A70D-ED1A-4AF3-828C-BB9B3C026418}.Release|x64.Build.0 = Release|x64
		{A482A70D-ED1A-4AF3-828C-BB9B3C026418}.Release|x86.ActiveCfg = Release|Win32
		{A482A70D-ED1A-4AF3-828C-BB9B3C026418}.Release|x86.Build.0 = Release|Win32
	EndGlobalSection
	GlobalSection(SolutionProperties) = preSolution
		HideSolutionNode = FALSE
	EndGlobalSection
	GlobalSection(ExtensibilityGlobals) = postSolution
		SolutionGuid = {7C3BE42C-6CCD-469C-B638-9439D20AE7B0}
	EndGlobalSection
EndGlobal
